
Microsoft Visual Studio Solution File, Format Version 12.00
# Visual Studio 15
VisualStudioVersion = 15.0.27703.2047
MinimumVisualStudioVersion = 10.0.40219.1
Project("{2150E333-8FDC-42A3-9474-1A3956D46DE8}") = "annexes", "annexes", "{B8CFE5EE-08F5-4A9D-8B07-CF4BA98BD3EB}"
EndProject
Project("{2150E333-8FDC-42A3-9474-1A3956D46DE8}") = "Fabrique Véhicule", "Fabrique Véhicule", "{07303075-9A28-4821-844A-182A2E8DD0E6}"
EndProject
Project("{FAE04EC0-301F-11D3-BF4B-00C04F79EFBC}") = "Abstract Factory", "Abstract Factory\Abstract Factory.csproj", "{E8304992-D0C7-4CF6-BE60-F9094D67566F}"
EndProject
Project("{FAE04EC0-301F-11D3-BF4B-00C04F79EFBC}") = "Builder", "Builder\Builder.csproj", "{AD2B45D6-F53F-4B87-BF74-F0976D31C214}"
EndProject
Project("{FAE04EC0-301F-11D3-BF4B-00C04F79EFBC}") = "FactoryMethod", "FactoryMethod\FactoryMethod.csproj", "{6E7786F3-4EC4-4EF6-BB10-D3B8F3B339F8}"
EndProject
Project("{FAE04EC0-301F-11D3-BF4B-00C04F79EFBC}") = "Prototype", "Prototype\Prototype.csproj", "{7D8277FA-B0F6-4F12-9325-2E7CC3CD3F6A}"
EndProject
Project("{FAE04EC0-301F-11D3-BF4B-00C04F79EFBC}") = "Singleton", "Singleton\Singleton.csproj", "{F619FDC3-FDB7-4A5B-BE19-5419125C479E}"
EndProject
Project("{FAE04EC0-301F-11D3-BF4B-00C04F79EFBC}") = "GetSet", "GetSet\GetSet.csproj", "{9F686F6C-50FB-4E2D-95C0-A6496E34DDAE}"
EndProject
Project("{FAE04EC0-301F-11D3-BF4B-00C04F79EFBC}") = "Adapter", "Adapter\Adapter.csproj", "{B6C2ACDB-8497-4D60-B3E4-2499672401CE}"
EndProject
Project("{FAE04EC0-301F-11D3-BF4B-00C04F79EFBC}") = "Command", "Command\Command.csproj", "{0C74C0FA-8BB1-49B1-BB64-767E99D4806B}"
EndProject
Project("{FAE04EC0-301F-11D3-BF4B-00C04F79EFBC}") = "Bridge", "Bridge\Bridge.csproj", "{5163FE35-04FA-4CBC-A8CD-BDE9DCF8CED5}"
EndProject
Global
	GlobalSection(SolutionConfigurationPlatforms) = preSolution
		Debug|Any CPU = Debug|Any CPU
		Release|Any CPU = Release|Any CPU
	EndGlobalSection
	GlobalSection(ProjectConfigurationPlatforms) = postSolution
		{E8304992-D0C7-4CF6-BE60-F9094D67566F}.Debug|Any CPU.ActiveCfg = Debug|Any CPU
		{E8304992-D0C7-4CF6-BE60-F9094D67566F}.Debug|Any CPU.Build.0 = Debug|Any CPU
		{E8304992-D0C7-4CF6-BE60-F9094D67566F}.Release|Any CPU.ActiveCfg = Release|Any CPU
		{E8304992-D0C7-4CF6-BE60-F9094D67566F}.Release|Any CPU.Build.0 = Release|Any CPU
		{AD2B45D6-F53F-4B87-BF74-F0976D31C214}.Debug|Any CPU.ActiveCfg = Debug|Any CPU
		{AD2B45D6-F53F-4B87-BF74-F0976D31C214}.Debug|Any CPU.Build.0 = Debug|Any CPU
		{AD2B45D6-F53F-4B87-BF74-F0976D31C214}.Release|Any CPU.ActiveCfg = Release|Any CPU
		{AD2B45D6-F53F-4B87-BF74-F0976D31C214}.Release|Any CPU.Build.0 = Release|Any CPU
		{6E7786F3-4EC4-4EF6-BB10-D3B8F3B339F8}.Debug|Any CPU.ActiveCfg = Debug|Any CPU
		{6E7786F3-4EC4-4EF6-BB10-D3B8F3B339F8}.Debug|Any CPU.Build.0 = Debug|Any CPU
		{6E7786F3-4EC4-4EF6-BB10-D3B8F3B339F8}.Release|Any CPU.ActiveCfg = Release|Any CPU
		{6E7786F3-4EC4-4EF6-BB10-D3B8F3B339F8}.Release|Any CPU.Build.0 = Release|Any CPU
		{7D8277FA-B0F6-4F12-9325-2E7CC3CD3F6A}.Debug|Any CPU.ActiveCfg = Debug|Any CPU
		{7D8277FA-B0F6-4F12-9325-2E7CC3CD3F6A}.Debug|Any CPU.Build.0 = Debug|Any CPU
		{7D8277FA-B0F6-4F12-9325-2E7CC3CD3F6A}.Release|Any CPU.ActiveCfg = Release|Any CPU
		{7D8277FA-B0F6-4F12-9325-2E7CC3CD3F6A}.Release|Any CPU.Build.0 = Release|Any CPU
		{F619FDC3-FDB7-4A5B-BE19-5419125C479E}.Debug|Any CPU.ActiveCfg = Debug|Any CPU
		{F619FDC3-FDB7-4A5B-BE19-5419125C479E}.Debug|Any CPU.Build.0 = Debug|Any CPU
		{F619FDC3-FDB7-4A5B-BE19-5419125C479E}.Release|Any CPU.ActiveCfg = Release|Any CPU
		{F619FDC3-FDB7-4A5B-BE19-5419125C479E}.Release|Any CPU.Build.0 = Release|Any CPU
		{9F686F6C-50FB-4E2D-95C0-A6496E34DDAE}.Debug|Any CPU.ActiveCfg = Debug|Any CPU
		{9F686F6C-50FB-4E2D-95C0-A6496E34DDAE}.Debug|Any CPU.Build.0 = Debug|Any CPU
		{9F686F6C-50FB-4E2D-95C0-A6496E34DDAE}.Release|Any CPU.ActiveCfg = Release|Any CPU
		{9F686F6C-50FB-4E2D-95C0-A6496E34DDAE}.Release|Any CPU.Build.0 = Release|Any CPU
		{B6C2ACDB-8497-4D60-B3E4-2499672401CE}.Debug|Any CPU.ActiveCfg = Debug|Any CPU
		{B6C2ACDB-8497-4D60-B3E4-2499672401CE}.Debug|Any CPU.Build.0 = Debug|Any CPU
		{B6C2ACDB-8497-4D60-B3E4-2499672401CE}.Release|Any CPU.ActiveCfg = Release|Any CPU
		{B6C2ACDB-8497-4D60-B3E4-2499672401CE}.Release|Any CPU.Build.0 = Release|Any CPU
		{0C74C0FA-8BB1-49B1-BB64-767E99D4806B}.Debug|Any CPU.ActiveCfg = Debug|Any CPU
		{0C74C0FA-8BB1-49B1-BB64-767E99D4806B}.Debug|Any CPU.Build.0 = Debug|Any CPU
		{0C74C0FA-8BB1-49B1-BB64-767E99D4806B}.Release|Any CPU.ActiveCfg = Release|Any CPU
		{0C74C0FA-8BB1-49B1-BB64-767E99D4806B}.Release|Any CPU.Build.0 = Release|Any CPU
		{5163FE35-04FA-4CBC-A8CD-BDE9DCF8CED5}.Debug|Any CPU.ActiveCfg = Debug|Any CPU
		{5163FE35-04FA-4CBC-A8CD-BDE9DCF8CED5}.Debug|Any CPU.Build.0 = Debug|Any CPU
		{5163FE35-04FA-4CBC-A8CD-BDE9DCF8CED5}.Release|Any CPU.ActiveCfg = Release|Any CPU
		{5163FE35-04FA-4CBC-A8CD-BDE9DCF8CED5}.Release|Any CPU.Build.0 = Release|Any CPU
	EndGlobalSection
	GlobalSection(SolutionProperties) = preSolution
		HideSolutionNode = FALSE
	EndGlobalSection
	GlobalSection(NestedProjects) = preSolution
		{E8304992-D0C7-4CF6-BE60-F9094D67566F} = {07303075-9A28-4821-844A-182A2E8DD0E6}
		{AD2B45D6-F53F-4B87-BF74-F0976D31C214} = {07303075-9A28-4821-844A-182A2E8DD0E6}
		{6E7786F3-4EC4-4EF6-BB10-D3B8F3B339F8} = {07303075-9A28-4821-844A-182A2E8DD0E6}
		{7D8277FA-B0F6-4F12-9325-2E7CC3CD3F6A} = {07303075-9A28-4821-844A-182A2E8DD0E6}
		{F619FDC3-FDB7-4A5B-BE19-5419125C479E} = {07303075-9A28-4821-844A-182A2E8DD0E6}
		{9F686F6C-50FB-4E2D-95C0-A6496E34DDAE} = {B8CFE5EE-08F5-4A9D-8B07-CF4BA98BD3EB}
		{B6C2ACDB-8497-4D60-B3E4-2499672401CE} = {07303075-9A28-4821-844A-182A2E8DD0E6}
		{0C74C0FA-8BB1-49B1-BB64-767E99D4806B} = {07303075-9A28-4821-844A-182A2E8DD0E6}
		{5163FE35-04FA-4CBC-A8CD-BDE9DCF8CED5} = {07303075-9A28-4821-844A-182A2E8DD0E6}
	EndGlobalSection
	GlobalSection(ExtensibilityGlobals) = postSolution
		SolutionGuid = {79D30939-FED7-4E27-9403-8264B43B4D61}
	EndGlobalSection
EndGlobal
