
Microsoft Visual Studio Solution File, Format Version 12.00
# Visual Studio 15
VisualStudioVersion = 15.0.27703.2047
MinimumVisualStudioVersion = 10.0.40219.1
Project("{2150E333-8FDC-42A3-9474-1A3956D46DE8}") = "annexes", "annexes", "{B8CFE5EE-08F5-4A9D-8B07-CF4BA98BD3EB}"
EndProject
Project("{2150E333-8FDC-42A3-9474-1A3956D46DE8}") = "Fabrique Véhicule", "Fabrique Véhicule", "{07303075-9A28-4821-844A-182A2E8DD0E6}"
EndProject
Project("{FAE04EC0-301F-11D3-BF4B-00C04F79EFBC}") = "Abstract Factory", "Abstract Factory\Abstract Factory.csproj", "{E8304992-D0C7-4CF6-BE60-F9094D67566F}"
EndProject
Project("{FAE04EC0-301F-11D3-BF4B-00C04F79EFBC}") = "VenteVéhicule", "VenteVéhicule\VenteVéhicule.csproj", "{77EDC240-9985-4FAF-9469-34848243BE1D}"
EndProject
Project("{FAE04EC0-301F-11D3-BF4B-00C04F79EFBC}") = "Builder", "Builder\Builder.csproj", "{AD2B45D6-F53F-4B87-BF74-F0976D31C214}"
EndProject
Global
	GlobalSection(SolutionConfigurationPlatforms) = preSolution
		Debug|Any CPU = Debug|Any CPU
		Release|Any CPU = Release|Any CPU
	EndGlobalSection
	GlobalSection(ProjectConfigurationPlatforms) = postSolution
		{E8304992-D0C7-4CF6-BE60-F9094D67566F}.Debug|Any CPU.ActiveCfg = Debug|Any CPU
		{E8304992-D0C7-4CF6-BE60-F9094D67566F}.Debug|Any CPU.Build.0 = Debug|Any CPU
		{E8304992-D0C7-4CF6-BE60-F9094D67566F}.Release|Any CPU.ActiveCfg = Release|Any CPU
		{E8304992-D0C7-4CF6-BE60-F9094D67566F}.Release|Any CPU.Build.0 = Release|Any CPU
		{77EDC240-9985-4FAF-9469-34848243BE1D}.Debug|Any CPU.ActiveCfg = Debug|Any CPU
		{77EDC240-9985-4FAF-9469-34848243BE1D}.Debug|Any CPU.Build.0 = Debug|Any CPU
		{77EDC240-9985-4FAF-9469-34848243BE1D}.Release|Any CPU.ActiveCfg = Release|Any CPU
		{77EDC240-9985-4FAF-9469-34848243BE1D}.Release|Any CPU.Build.0 = Release|Any CPU
		{AD2B45D6-F53F-4B87-BF74-F0976D31C214}.Debug|Any CPU.ActiveCfg = Debug|Any CPU
		{AD2B45D6-F53F-4B87-BF74-F0976D31C214}.Debug|Any CPU.Build.0 = Debug|Any CPU
		{AD2B45D6-F53F-4B87-BF74-F0976D31C214}.Release|Any CPU.ActiveCfg = Release|Any CPU
		{AD2B45D6-F53F-4B87-BF74-F0976D31C214}.Release|Any CPU.Build.0 = Release|Any CPU
	EndGlobalSection
	GlobalSection(SolutionProperties) = preSolution
		HideSolutionNode = FALSE
	EndGlobalSection
	GlobalSection(NestedProjects) = preSolution
		{E8304992-D0C7-4CF6-BE60-F9094D67566F} = {07303075-9A28-4821-844A-182A2E8DD0E6}
		{77EDC240-9985-4FAF-9469-34848243BE1D} = {B8CFE5EE-08F5-4A9D-8B07-CF4BA98BD3EB}
		{AD2B45D6-F53F-4B87-BF74-F0976D31C214} = {07303075-9A28-4821-844A-182A2E8DD0E6}
	EndGlobalSection
	GlobalSection(ExtensibilityGlobals) = postSolution
		SolutionGuid = {79D30939-FED7-4E27-9403-8264B43B4D61}
	EndGlobalSection
EndGlobal
